// !$*UTF8*$!
{
	archiveVersion = 1;
	classes = {
	};
	objectVersion = 50;
	objects = {

/* Begin PBXBuildFile section */
		4253070F21FF59AA005B6F62 /* SidePanelVC.swift in Sources */ = {isa = PBXBuildFile; fileRef = 4253070E21FF59AA005B6F62 /* SidePanelVC.swift */; };
		4253071121FF5DF1005B6F62 /* AuthVC.swift in Sources */ = {isa = PBXBuildFile; fileRef = 4253071021FF5DF1005B6F62 /* AuthVC.swift */; };
		4253071321FF6943005B6F62 /* RoundedTextField.swift in Sources */ = {isa = PBXBuildFile; fileRef = 4253071221FF6943005B6F62 /* RoundedTextField.swift */; };
		4253071521FFA489005B6F62 /* DataService.swift in Sources */ = {isa = PBXBuildFile; fileRef = 4253071421FFA489005B6F62 /* DataService.swift */; };
		4253071721FFA704005B6F62 /* AuthService.swift in Sources */ = {isa = PBXBuildFile; fileRef = 4253071621FFA704005B6F62 /* AuthService.swift */; };
		42B3C55921FE54A8001EC249 /* AppDelegate.swift in Sources */ = {isa = PBXBuildFile; fileRef = 42B3C55821FE54A8001EC249 /* AppDelegate.swift */; };
		42B3C55B21FE54A8001EC249 /* HomeVC.swift in Sources */ = {isa = PBXBuildFile; fileRef = 42B3C55A21FE54A8001EC249 /* HomeVC.swift */; };
		42B3C55E21FE54A8001EC249 /* Main.storyboard in Resources */ = {isa = PBXBuildFile; fileRef = 42B3C55C21FE54A8001EC249 /* Main.storyboard */; };
		42B3C56021FE54AA001EC249 /* Assets.xcassets in Resources */ = {isa = PBXBuildFile; fileRef = 42B3C55F21FE54AA001EC249 /* Assets.xcassets */; };
		42B3C56321FE54AA001EC249 /* LaunchScreen.storyboard in Resources */ = {isa = PBXBuildFile; fileRef = 42B3C56121FE54AA001EC249 /* LaunchScreen.storyboard */; };
		42B3C57021FE5A28001EC249 /* GoogleService-Info.plist in Resources */ = {isa = PBXBuildFile; fileRef = 42B3C56F21FE5A28001EC249 /* GoogleService-Info.plist */; };
		42B3C57221FE67BA001EC249 /* GradientView.swift in Sources */ = {isa = PBXBuildFile; fileRef = 42B3C57121FE67BA001EC249 /* GradientView.swift */; };
		42B3C57421FE6C80001EC249 /* RounedImageView.swift in Sources */ = {isa = PBXBuildFile; fileRef = 42B3C57321FE6C80001EC249 /* RounedImageView.swift */; };
		42B3C57621FE6D60001EC249 /* RoundedShadowView.swift in Sources */ = {isa = PBXBuildFile; fileRef = 42B3C57521FE6D60001EC249 /* RoundedShadowView.swift */; };
		42B3C57821FE6E9A001EC249 /* CircleView.swift in Sources */ = {isa = PBXBuildFile; fileRef = 42B3C57721FE6E9A001EC249 /* CircleView.swift */; };
		42B3C57A21FE6F37001EC249 /* RoundedShadowButton.swift in Sources */ = {isa = PBXBuildFile; fileRef = 42B3C57921FE6F37001EC249 /* RoundedShadowButton.swift */; };
		8EE1222337FAAEE4AE6485FD /* Pods_CallTaxiCone.framework in Frameworks */ = {isa = PBXBuildFile; fileRef = D2A8C5DE1C1C91B366C2F3A7 /* Pods_CallTaxiCone.framework */; };
/* End PBXBuildFile section */

/* Begin PBXFileReference section */
		4253070E21FF59AA005B6F62 /* SidePanelVC.swift */ = {isa = PBXFileReference; lastKnownFileType = sourcecode.swift; path = SidePanelVC.swift; sourceTree = "<group>"; };
		4253071021FF5DF1005B6F62 /* AuthVC.swift */ = {isa = PBXFileReference; lastKnownFileType = sourcecode.swift; path = AuthVC.swift; sourceTree = "<group>"; };
		4253071221FF6943005B6F62 /* RoundedTextField.swift */ = {isa = PBXFileReference; lastKnownFileType = sourcecode.swift; path = RoundedTextField.swift; sourceTree = "<group>"; };
		4253071421FFA489005B6F62 /* DataService.swift */ = {isa = PBXFileReference; lastKnownFileType = sourcecode.swift; path = DataService.swift; sourceTree = "<group>"; };
		4253071621FFA704005B6F62 /* AuthService.swift */ = {isa = PBXFileReference; lastKnownFileType = sourcecode.swift; path = AuthService.swift; sourceTree = "<group>"; };
		42B3C55521FE54A8001EC249 /* CallTaxiCone.app */ = {isa = PBXFileReference; explicitFileType = wrapper.application; includeInIndex = 0; path = CallTaxiCone.app; sourceTree = BUILT_PRODUCTS_DIR; };
		42B3C55821FE54A8001EC249 /* AppDelegate.swift */ = {isa = PBXFileReference; lastKnownFileType = sourcecode.swift; path = AppDelegate.swift; sourceTree = "<group>"; };
		42B3C55A21FE54A8001EC249 /* HomeVC.swift */ = {isa = PBXFileReference; lastKnownFileType = sourcecode.swift; path = HomeVC.swift; sourceTree = "<group>"; };
		42B3C55D21FE54A8001EC249 /* Base */ = {isa = PBXFileReference; lastKnownFileType = file.storyboard; name = Base; path = Base.lproj/Main.storyboard; sourceTree = "<group>"; };
		42B3C55F21FE54AA001EC249 /* Assets.xcassets */ = {isa = PBXFileReference; lastKnownFileType = folder.assetcatalog; path = Assets.xcassets; sourceTree = "<group>"; };
		42B3C56221FE54AA001EC249 /* Base */ = {isa = PBXFileReference; lastKnownFileType = file.storyboard; name = Base; path = Base.lproj/LaunchScreen.storyboard; sourceTree = "<group>"; };
		42B3C56421FE54AA001EC249 /* Info.plist */ = {isa = PBXFileReference; lastKnownFileType = text.plist.xml; path = Info.plist; sourceTree = "<group>"; };
		42B3C56F21FE5A28001EC249 /* GoogleService-Info.plist */ = {isa = PBXFileReference; fileEncoding = 4; lastKnownFileType = text.plist.xml; path = "GoogleService-Info.plist"; sourceTree = "<group>"; };
		42B3C57121FE67BA001EC249 /* GradientView.swift */ = {isa = PBXFileReference; lastKnownFileType = sourcecode.swift; path = GradientView.swift; sourceTree = "<group>"; };
		42B3C57321FE6C80001EC249 /* RounedImageView.swift */ = {isa = PBXFileReference; lastKnownFileType = sourcecode.swift; path = RounedImageView.swift; sourceTree = "<group>"; };
		42B3C57521FE6D60001EC249 /* RoundedShadowView.swift */ = {isa = PBXFileReference; lastKnownFileType = sourcecode.swift; path = RoundedShadowView.swift; sourceTree = "<group>"; };
		42B3C57721FE6E9A001EC249 /* CircleView.swift */ = {isa = PBXFileReference; lastKnownFileType = sourcecode.swift; path = CircleView.swift; sourceTree = "<group>"; };
		42B3C57921FE6F37001EC249 /* RoundedShadowButton.swift */ = {isa = PBXFileReference; lastKnownFileType = sourcecode.swift; path = RoundedShadowButton.swift; sourceTree = "<group>"; };
		8F5D2799276B79B1B7EA73F7 /* Pods-CallTaxiCone.release.xcconfig */ = {isa = PBXFileReference; includeInIndex = 1; lastKnownFileType = text.xcconfig; name = "Pods-CallTaxiCone.release.xcconfig"; path = "Pods/Target Support Files/Pods-CallTaxiCone/Pods-CallTaxiCone.release.xcconfig"; sourceTree = "<group>"; };
		ABA13FD4E8D46465D72463F3 /* Pods-CallTaxiCone.debug.xcconfig */ = {isa = PBXFileReference; includeInIndex = 1; lastKnownFileType = text.xcconfig; name = "Pods-CallTaxiCone.debug.xcconfig"; path = "Pods/Target Support Files/Pods-CallTaxiCone/Pods-CallTaxiCone.debug.xcconfig"; sourceTree = "<group>"; };
		D2A8C5DE1C1C91B366C2F3A7 /* Pods_CallTaxiCone.framework */ = {isa = PBXFileReference; explicitFileType = wrapper.framework; includeInIndex = 0; path = Pods_CallTaxiCone.framework; sourceTree = BUILT_PRODUCTS_DIR; };
/* End PBXFileReference section */

/* Begin PBXFrameworksBuildPhase section */
		42B3C55221FE54A8001EC249 /* Frameworks */ = {
			isa = PBXFrameworksBuildPhase;
			buildActionMask = 2147483647;
			files = (
				8EE1222337FAAEE4AE6485FD /* Pods_CallTaxiCone.framework in Frameworks */,
			);
			runOnlyForDeploymentPostprocessing = 0;
		};
/* End PBXFrameworksBuildPhase section */

/* Begin PBXGroup section */
		42B3C54C21FE54A8001EC249 = {
			isa = PBXGroup;
			children = (
				42B3C55721FE54A8001EC249 /* CallTaxiCone */,
				42B3C55621FE54A8001EC249 /* Products */,
				7EF78B5B5DD54A139D7897C9 /* Pods */,
				BAD0A70697A3397282A7ACE3 /* Frameworks */,
			);
			sourceTree = "<group>";
		};
		42B3C55621FE54A8001EC249 /* Products */ = {
			isa = PBXGroup;
			children = (
				42B3C55521FE54A8001EC249 /* CallTaxiCone.app */,
			);
			name = Products;
			sourceTree = "<group>";
		};
		42B3C55721FE54A8001EC249 /* CallTaxiCone */ = {
			isa = PBXGroup;
			children = (
				42B3C56E21FE556B001EC249 /* Extensions */,
				42B3C56D21FE5566001EC249 /* Services */,
				42B3C56C21FE5551001EC249 /* Model */,
				42B3C56B21FE5550001EC249 /* View */,
				42B3C56A21FE554E001EC249 /* Controller */,
				42B3C55821FE54A8001EC249 /* AppDelegate.swift */,
				42B3C55C21FE54A8001EC249 /* Main.storyboard */,
				42B3C55F21FE54AA001EC249 /* Assets.xcassets */,
				42B3C56121FE54AA001EC249 /* LaunchScreen.storyboard */,
				42B3C56421FE54AA001EC249 /* Info.plist */,
				42B3C56F21FE5A28001EC249 /* GoogleService-Info.plist */,
			);
			path = CallTaxiCone;
			sourceTree = "<group>";
		};
		42B3C56A21FE554E001EC249 /* Controller */ = {
			isa = PBXGroup;
			children = (
				42B3C55A21FE54A8001EC249 /* HomeVC.swift */,
				4253070E21FF59AA005B6F62 /* SidePanelVC.swift */,
				4253071021FF5DF1005B6F62 /* AuthVC.swift */,
			);
			path = Controller;
			sourceTree = "<group>";
		};
		42B3C56B21FE5550001EC249 /* View */ = {
			isa = PBXGroup;
			children = (
				42B3C57121FE67BA001EC249 /* GradientView.swift */,
				42B3C57321FE6C80001EC249 /* RounedImageView.swift */,
				42B3C57521FE6D60001EC249 /* RoundedShadowView.swift */,
				42B3C57721FE6E9A001EC249 /* CircleView.swift */,
				42B3C57921FE6F37001EC249 /* RoundedShadowButton.swift */,
				4253071221FF6943005B6F62 /* RoundedTextField.swift */,
			);
			path = View;
			sourceTree = "<group>";
		};
		42B3C56C21FE5551001EC249 /* Model */ = {
			isa = PBXGroup;
			children = (
			);
			path = Model;
			sourceTree = "<group>";
		};
		42B3C56D21FE5566001EC249 /* Services */ = {
			isa = PBXGroup;
			children = (
				4253071421FFA489005B6F62 /* DataService.swift */,
				4253071621FFA704005B6F62 /* AuthService.swift */,
			);
			path = Services;
			sourceTree = "<group>";
		};
		42B3C56E21FE556B001EC249 /* Extensions */ = {
			isa = PBXGroup;
			children = (
			);
			path = Extensions;
			sourceTree = "<group>";
		};
		7EF78B5B5DD54A139D7897C9 /* Pods */ = {
			isa = PBXGroup;
			children = (
				ABA13FD4E8D46465D72463F3 /* Pods-CallTaxiCone.debug.xcconfig */,
				8F5D2799276B79B1B7EA73F7 /* Pods-CallTaxiCone.release.xcconfig */,
			);
			name = Pods;
			sourceTree = "<group>";
		};
		BAD0A70697A3397282A7ACE3 /* Frameworks */ = {
			isa = PBXGroup;
			children = (
				D2A8C5DE1C1C91B366C2F3A7 /* Pods_CallTaxiCone.framework */,
			);
			name = Frameworks;
			sourceTree = "<group>";
		};
/* End PBXGroup section */

/* Begin PBXNativeTarget section */
		42B3C55421FE54A8001EC249 /* CallTaxiCone */ = {
			isa = PBXNativeTarget;
			buildConfigurationList = 42B3C56721FE54AA001EC249 /* Build configuration list for PBXNativeTarget "CallTaxiCone" */;
			buildPhases = (
				5716B983FCFAEAB4E33B67B2 /* [CP] Check Pods Manifest.lock */,
				42B3C55121FE54A8001EC249 /* Sources */,
				42B3C55221FE54A8001EC249 /* Frameworks */,
				42B3C55321FE54A8001EC249 /* Resources */,
				B72F61759B3C62FC1835170A /* [CP] Embed Pods Frameworks */,
			);
			buildRules = (
			);
			dependencies = (
			);
			name = CallTaxiCone;
			productName = CallTaxiCone;
			productReference = 42B3C55521FE54A8001EC249 /* CallTaxiCone.app */;
			productType = "com.apple.product-type.application";
		};
/* End PBXNativeTarget section */

/* Begin PBXProject section */
		42B3C54D21FE54A8001EC249 /* Project object */ = {
			isa = PBXProject;
			attributes = {
				LastSwiftUpdateCheck = 1010;
				LastUpgradeCheck = 1010;
				ORGANIZATIONNAME = "Akil Kumar Thota";
				TargetAttributes = {
					42B3C55421FE54A8001EC249 = {
						CreatedOnToolsVersion = 10.1;
					};
				};
			};
			buildConfigurationList = 42B3C55021FE54A8001EC249 /* Build configuration list for PBXProject "CallTaxiCone" */;
			compatibilityVersion = "Xcode 9.3";
			developmentRegion = en;
			hasScannedForEncodings = 0;
			knownRegions = (
				en,
				Base,
			);
			mainGroup = 42B3C54C21FE54A8001EC249;
			productRefGroup = 42B3C55621FE54A8001EC249 /* Products */;
			projectDirPath = "";
			projectRoot = "";
			targets = (
				42B3C55421FE54A8001EC249 /* CallTaxiCone */,
			);
		};
/* End PBXProject section */

/* Begin PBXResourcesBuildPhase section */
		42B3C55321FE54A8001EC249 /* Resources */ = {
			isa = PBXResourcesBuildPhase;
			buildActionMask = 2147483647;
			files = (
				42B3C56321FE54AA001EC249 /* LaunchScreen.storyboard in Resources */,
				42B3C57021FE5A28001EC249 /* GoogleService-Info.plist in Resources */,
				42B3C56021FE54AA001EC249 /* Assets.xcassets in Resources */,
				42B3C55E21FE54A8001EC249 /* Main.storyboard in Resources */,
			);
			runOnlyForDeploymentPostprocessing = 0;
		};
/* End PBXResourcesBuildPhase section */

/* Begin PBXShellScriptBuildPhase section */
		5716B983FCFAEAB4E33B67B2 /* [CP] Check Pods Manifest.lock */ = {
			isa = PBXShellScriptBuildPhase;
			buildActionMask = 2147483647;
			files = (
			);
			inputPaths = (
				"${PODS_PODFILE_DIR_PATH}/Podfile.lock",
				"${PODS_ROOT}/Manifest.lock",
			);
			name = "[CP] Check Pods Manifest.lock";
			outputPaths = (
				"$(DERIVED_FILE_DIR)/Pods-CallTaxiCone-checkManifestLockResult.txt",
			);
			runOnlyForDeploymentPostprocessing = 0;
			shellPath = /bin/sh;
			shellScript = "diff \"${PODS_PODFILE_DIR_PATH}/Podfile.lock\" \"${PODS_ROOT}/Manifest.lock\" > /dev/null\nif [ $? != 0 ] ; then\n    # print error to STDERR\n    echo \"error: The sandbox is not in sync with the Podfile.lock. Run 'pod install' or update your CocoaPods installation.\" >&2\n    exit 1\nfi\n# This output is used by Xcode 'outputs' to avoid re-running this script phase.\necho \"SUCCESS\" > \"${SCRIPT_OUTPUT_FILE_0}\"\n";
			showEnvVarsInLog = 0;
		};
		B72F61759B3C62FC1835170A /* [CP] Embed Pods Frameworks */ = {
			isa = PBXShellScriptBuildPhase;
			buildActionMask = 2147483647;
			files = (
			);
			inputPaths = (
				"${SRCROOT}/Pods/Target Support Files/Pods-CallTaxiCone/Pods-CallTaxiCone-frameworks.sh",
				"${BUILT_PRODUCTS_DIR}/GTMSessionFetcher/GTMSessionFetcher.framework",
				"${BUILT_PRODUCTS_DIR}/GoogleUtilities/GoogleUtilities.framework",
				"${BUILT_PRODUCTS_DIR}/IQKeyboardManagerSwift/IQKeyboardManagerSwift.framework",
				"${BUILT_PRODUCTS_DIR}/RevealingSplashView/RevealingSplashView.framework",
				"${BUILT_PRODUCTS_DIR}/SwiftyJSON/SwiftyJSON.framework",
				"${BUILT_PRODUCTS_DIR}/leveldb-library/leveldb.framework",
				"${BUILT_PRODUCTS_DIR}/nanopb/nanopb.framework",
			);
			name = "[CP] Embed Pods Frameworks";
			outputPaths = (
				"${TARGET_BUILD_DIR}/${FRAMEWORKS_FOLDER_PATH}/GTMSessionFetcher.framework",
				"${TARGET_BUILD_DIR}/${FRAMEWORKS_FOLDER_PATH}/GoogleUtilities.framework",
				"${TARGET_BUILD_DIR}/${FRAMEWORKS_FOLDER_PATH}/IQKeyboardManagerSwift.framework",
				"${TARGET_BUILD_DIR}/${FRAMEWORKS_FOLDER_PATH}/RevealingSplashView.framework",
				"${TARGET_BUILD_DIR}/${FRAMEWORKS_FOLDER_PATH}/SwiftyJSON.framework",
				"${TARGET_BUILD_DIR}/${FRAMEWORKS_FOLDER_PATH}/leveldb.framework",
				"${TARGET_BUILD_DIR}/${FRAMEWORKS_FOLDER_PATH}/nanopb.framework",
			);
			runOnlyForDeploymentPostprocessing = 0;
			shellPath = /bin/sh;
			shellScript = "\"${SRCROOT}/Pods/Target Support Files/Pods-CallTaxiCone/Pods-CallTaxiCone-frameworks.sh\"\n";
			showEnvVarsInLog = 0;
		};
/* End PBXShellScriptBuildPhase section */

/* Begin PBXSourcesBuildPhase section */
		42B3C55121FE54A8001EC249 /* Sources */ = {
			isa = PBXSourcesBuildPhase;
			buildActionMask = 2147483647;
			files = (
				4253071121FF5DF1005B6F62 /* AuthVC.swift in Sources */,
				42B3C57A21FE6F37001EC249 /* RoundedShadowButton.swift in Sources */,
				42B3C57821FE6E9A001EC249 /* CircleView.swift in Sources */,
				4253071721FFA704005B6F62 /* AuthService.swift in Sources */,
				4253071321FF6943005B6F62 /* RoundedTextField.swift in Sources */,
				4253070F21FF59AA005B6F62 /* SidePanelVC.swift in Sources */,
				4253071521FFA489005B6F62 /* DataService.swift in Sources */,
				42B3C55B21FE54A8001EC249 /* HomeVC.swift in Sources */,
				42B3C55921FE54A8001EC249 /* AppDelegate.swift in Sources */,
				42B3C57621FE6D60001EC249 /* RoundedShadowView.swift in Sources */,
				42B3C57221FE67BA001EC249 /* GradientView.swift in Sources */,
				42B3C57421FE6C80001EC249 /* RounedImageView.swift in Sources */,
			);
			runOnlyForDeploymentPostprocessing = 0;
		};
/* End PBXSourcesBuildPhase section */

/* Begin PBXVariantGroup section */
		42B3C55C21FE54A8001EC249 /* Main.storyboard */ = {
			isa = PBXVariantGroup;
			children = (
				42B3C55D21FE54A8001EC249 /* Base */,
			);
			name = Main.storyboard;
			sourceTree = "<group>";
		};
		42B3C56121FE54AA001EC249 /* LaunchScreen.storyboard */ = {
			isa = PBXVariantGroup;
			children = (
				42B3C56221FE54AA001EC249 /* Base */,
			);
			name = LaunchScreen.storyboard;
			sourceTree = "<group>";
		};
/* End PBXVariantGroup section */

/* Begin XCBuildConfiguration section */
		42B3C56521FE54AA001EC249 /* Debug */ = {
			isa = XCBuildConfiguration;
			buildSettings = {
				ALWAYS_SEARCH_USER_PATHS = NO;
				CLANG_ANALYZER_NONNULL = YES;
				CLANG_ANALYZER_NUMBER_OBJECT_CONVERSION = YES_AGGRESSIVE;
				CLANG_CXX_LANGUAGE_STANDARD = "gnu++14";
				CLANG_CXX_LIBRARY = "libc++";
				CLANG_ENABLE_MODULES = YES;
				CLANG_ENABLE_OBJC_ARC = YES;
				CLANG_ENABLE_OBJC_WEAK = YES;
				CLANG_WARN_BLOCK_CAPTURE_AUTORELEASING = YES;
				CLANG_WARN_BOOL_CONVERSION = YES;
				CLANG_WARN_COMMA = YES;
				CLANG_WARN_CONSTANT_CONVERSION = YES;
				CLANG_WARN_DEPRECATED_OBJC_IMPLEMENTATIONS = YES;
				CLANG_WARN_DIRECT_OBJC_ISA_USAGE = YES_ERROR;
				CLANG_WARN_DOCUMENTATION_COMMENTS = YES;
				CLANG_WARN_EMPTY_BODY = YES;
				CLANG_WARN_ENUM_CONVERSION = YES;
				CLANG_WARN_INFINITE_RECURSION = YES;
				CLANG_WARN_INT_CONVERSION = YES;
				CLANG_WARN_NON_LITERAL_NULL_CONVERSION = YES;
				CLANG_WARN_OBJC_IMPLICIT_RETAIN_SELF = YES;
				CLANG_WARN_OBJC_LITERAL_CONVERSION = YES;
				CLANG_WARN_OBJC_ROOT_CLASS = YES_ERROR;
				CLANG_WARN_RANGE_LOOP_ANALYSIS = YES;
				CLANG_WARN_STRICT_PROTOTYPES = YES;
				CLANG_WARN_SUSPICIOUS_MOVE = YES;
				CLANG_WARN_UNGUARDED_AVAILABILITY = YES_AGGRESSIVE;
				CLANG_WARN_UNREACHABLE_CODE = YES;
				CLANG_WARN__DUPLICATE_METHOD_MATCH = YES;
				CODE_SIGN_IDENTITY = "iPhone Developer";
				COPY_PHASE_STRIP = NO;
				DEBUG_INFORMATION_FORMAT = dwarf;
				ENABLE_STRICT_OBJC_MSGSEND = YES;
				ENABLE_TESTABILITY = YES;
				GCC_C_LANGUAGE_STANDARD = gnu11;
				GCC_DYNAMIC_NO_PIC = NO;
				GCC_NO_COMMON_BLOCKS = YES;
				GCC_OPTIMIZATION_LEVEL = 0;
				GCC_PREPROCESSOR_DEFINITIONS = (
					"DEBUG=1",
					"$(inherited)",
				);
				GCC_WARN_64_TO_32_BIT_CONVERSION = YES;
				GCC_WARN_ABOUT_RETURN_TYPE = YES_ERROR;
				GCC_WARN_UNDECLARED_SELECTOR = YES;
				GCC_WARN_UNINITIALIZED_AUTOS = YES_AGGRESSIVE;
				GCC_WARN_UNUSED_FUNCTION = YES;
				GCC_WARN_UNUSED_VARIABLE = YES;
				IPHONEOS_DEPLOYMENT_TARGET = 12.1;
				MTL_ENABLE_DEBUG_INFO = INCLUDE_SOURCE;
				MTL_FAST_MATH = YES;
				ONLY_ACTIVE_ARCH = YES;
				SDKROOT = iphoneos;
				SWIFT_ACTIVE_COMPILATION_CONDITIONS = DEBUG;
				SWIFT_OPTIMIZATION_LEVEL = "-Onone";
			};
			name = Debug;
		};
		42B3C56621FE54AA001EC249 /* Release */ = {
			isa = XCBuildConfiguration;
			buildSettings = {
				ALWAYS_SEARCH_USER_PATHS = NO;
				CLANG_ANALYZER_NONNULL = YES;
				CLANG_ANALYZER_NUMBER_OBJECT_CONVERSION = YES_AGGRESSIVE;
				CLANG_CXX_LANGUAGE_STANDARD = "gnu++14";
				CLANG_CXX_LIBRARY = "libc++";
				CLANG_ENABLE_MODULES = YES;
				CLANG_ENABLE_OBJC_ARC = YES;
				CLANG_ENABLE_OBJC_WEAK = YES;
				CLANG_WARN_BLOCK_CAPTURE_AUTORELEASING = YES;
				CLANG_WARN_BOOL_CONVERSION = YES;
				CLANG_WARN_COMMA = YES;
				CLANG_WARN_CONSTANT_CONVERSION = YES;
				CLANG_WARN_DEPRECATED_OBJC_IMPLEMENTATIONS = YES;
				CLANG_WARN_DIRECT_OBJC_ISA_USAGE = YES_ERROR;
				CLANG_WARN_DOCUMENTATION_COMMENTS = YES;
				CLANG_WARN_EMPTY_BODY = YES;
				CLANG_WARN_ENUM_CONVERSION = YES;
				CLANG_WARN_INFINITE_RECURSION = YES;
				CLANG_WARN_INT_CONVERSION = YES;
				CLANG_WARN_NON_LITERAL_NULL_CONVERSION = YES;
				CLANG_WARN_OBJC_IMPLICIT_RETAIN_SELF = YES;
				CLANG_WARN_OBJC_LITERAL_CONVERSION = YES;
				CLANG_WARN_OBJC_ROOT_CLASS = YES_ERROR;
				CLANG_WARN_RANGE_LOOP_ANALYSIS = YES;
				CLANG_WARN_STRICT_PROTOTYPES = YES;
				CLANG_WARN_SUSPICIOUS_MOVE = YES;
				CLANG_WARN_UNGUARDED_AVAILABILITY = YES_AGGRESSIVE;
				CLANG_WARN_UNREACHABLE_CODE = YES;
				CLANG_WARN__DUPLICATE_METHOD_MATCH = YES;
				CODE_SIGN_IDENTITY = "iPhone Developer";
				COPY_PHASE_STRIP = NO;
				DEBUG_INFORMATION_FORMAT = "dwarf-with-dsym";
				ENABLE_NS_ASSERTIONS = NO;
				ENABLE_STRICT_OBJC_MSGSEND = YES;
				GCC_C_LANGUAGE_STANDARD = gnu11;
				GCC_NO_COMMON_BLOCKS = YES;
				GCC_WARN_64_TO_32_BIT_CONVERSION = YES;
				GCC_WARN_ABOUT_RETURN_TYPE = YES_ERROR;
				GCC_WARN_UNDECLARED_SELECTOR = YES;
				GCC_WARN_UNINITIALIZED_AUTOS = YES_AGGRESSIVE;
				GCC_WARN_UNUSED_FUNCTION = YES;
				GCC_WARN_UNUSED_VARIABLE = YES;
				IPHONEOS_DEPLOYMENT_TARGET = 12.1;
				MTL_ENABLE_DEBUG_INFO = NO;
				MTL_FAST_MATH = YES;
				SDKROOT = iphoneos;
				SWIFT_COMPILATION_MODE = wholemodule;
				SWIFT_OPTIMIZATION_LEVEL = "-O";
				VALIDATE_PRODUCT = YES;
			};
			name = Release;
		};
		42B3C56821FE54AA001EC249 /* Debug */ = {
			isa = XCBuildConfiguration;
			baseConfigurationReference = ABA13FD4E8D46465D72463F3 /* Pods-CallTaxiCone.debug.xcconfig */;
			buildSettings = {
				ASSETCATALOG_COMPILER_APPICON_NAME = AppIcon;
				CODE_SIGN_STYLE = Automatic;
				DEVELOPMENT_TEAM = 33WJKR6QUB;
				INFOPLIST_FILE = CallTaxiCone/Info.plist;
				LD_RUNPATH_SEARCH_PATHS = (
					"$(inherited)",
					"@executable_path/Frameworks",
				);
				PRODUCT_BUNDLE_IDENTIFIER = com.boomAk.CallTaxiCone;
				PRODUCT_NAME = "$(TARGET_NAME)";
				SWIFT_VERSION = 4.2;
				TARGETED_DEVICE_FAMILY = "1,2";
			};
			name = Debug;
		};
		42B3C56921FE54AA001EC249 /* Release */ = {
			isa = XCBuildConfiguration;
			baseConfigurationReference = 8F5D2799276B79B1B7EA73F7 /* Pods-CallTaxiCone.release.xcconfig */;
			buildSettings = {
				ASSETCATALOG_COMPILER_APPICON_NAME = AppIcon;
				CODE_SIGN_STYLE = Automatic;
				DEVELOPMENT_TEAM = 33WJKR6QUB;
				INFOPLIST_FILE = CallTaxiCone/Info.plist;
				LD_RUNPATH_SEARCH_PATHS = (
					"$(inherited)",
					"@executable_path/Frameworks",
				);
				PRODUCT_BUNDLE_IDENTIFIER = com.boomAk.CallTaxiCone;
				PRODUCT_NAME = "$(TARGET_NAME)";
				SWIFT_VERSION = 4.2;
				TARGETED_DEVICE_FAMILY = "1,2";
			};
			name = Release;
		};
/* End XCBuildConfiguration section */

/* Begin XCConfigurationList section */
		42B3C55021FE54A8001EC249 /* Build configuration list for PBXProject "CallTaxiCone" */ = {
			isa = XCConfigurationList;
			buildConfigurations = (
				42B3C56521FE54AA001EC249 /* Debug */,
				42B3C56621FE54AA001EC249 /* Release */,
			);
			defaultConfigurationIsVisible = 0;
			defaultConfigurationName = Release;
		};
		42B3C56721FE54AA001EC249 /* Build configuration list for PBXNativeTarget "CallTaxiCone" */ = {
			isa = XCConfigurationList;
			buildConfigurations = (
				42B3C56821FE54AA001EC249 /* Debug */,
				42B3C56921FE54AA001EC249 /* Release */,
			);
			defaultConfigurationIsVisible = 0;
			defaultConfigurationName = Release;
		};
/* End XCConfigurationList section */
	};
	rootObject = 42B3C54D21FE54A8001EC249 /* Project object */;
}
